
Microsoft Visual Studio Solution File, Format Version 12.00
# Visual Studio Version 17
VisualStudioVersion = 17.0.31903.59
MinimumVisualStudioVersion = 10.0.40219.1
Project("{2150E333-8FDC-42A3-9474-1A3956D46DE8}") = "src", "src", "{79B4E164-AB12-4D35-B559-8B0D7A3F990C}"
EndProject
Project("{2150E333-8FDC-42A3-9474-1A3956D46DE8}") = "tests", "tests", "{FE4D4B61-B83D-416F-96C4-4B86C11EF049}"
EndProject
Project("{FAE04EC0-301F-11D3-BF4B-00C04F79EFBC}") = "Backend", "src\Backend\Backend.csproj", "{D92CE150-E118-4981-9385-5D8EAB7B91CD}"
EndProject
Project("{FAE04EC0-301F-11D3-BF4B-00C04F79EFBC}") = "Backend.Unit", "tests\Backend.Unit\Backend.Unit.csproj", "{965B5A97-C35D-48C6-A106-C5C3D5DFB78D}"
EndProject
Project("{FAE04EC0-301F-11D3-BF4B-00C04F79EFBC}") = "Backend.Integration", "tests\Backend.Integration\Backend.Integration.csproj", "{C95A4DBD-727C-4247-B36E-D5B7553D8869}"
EndProject
Global
	GlobalSection(SolutionConfigurationPlatforms) = preSolution
		Debug|Any CPU = Debug|Any CPU
		Release|Any CPU = Release|Any CPU
	EndGlobalSection
	GlobalSection(SolutionProperties) = preSolution
		HideSolutionNode = FALSE
	EndGlobalSection
	GlobalSection(NestedProjects) = preSolution
		{D92CE150-E118-4981-9385-5D8EAB7B91CD} = {79B4E164-AB12-4D35-B559-8B0D7A3F990C}
		{965B5A97-C35D-48C6-A106-C5C3D5DFB78D} = {FE4D4B61-B83D-416F-96C4-4B86C11EF049}
		{C95A4DBD-727C-4247-B36E-D5B7553D8869} = {FE4D4B61-B83D-416F-96C4-4B86C11EF049}
	EndGlobalSection
	GlobalSection(ProjectConfigurationPlatforms) = postSolution
		{D92CE150-E118-4981-9385-5D8EAB7B91CD}.Debug|Any CPU.ActiveCfg = Debug|Any CPU
		{D92CE150-E118-4981-9385-5D8EAB7B91CD}.Debug|Any CPU.Build.0 = Debug|Any CPU
		{D92CE150-E118-4981-9385-5D8EAB7B91CD}.Release|Any CPU.ActiveCfg = Release|Any CPU
		{D92CE150-E118-4981-9385-5D8EAB7B91CD}.Release|Any CPU.Build.0 = Release|Any CPU
		{965B5A97-C35D-48C6-A106-C5C3D5DFB78D}.Debug|Any CPU.ActiveCfg = Debug|Any CPU
		{965B5A97-C35D-48C6-A106-C5C3D5DFB78D}.Debug|Any CPU.Build.0 = Debug|Any CPU
		{965B5A97-C35D-48C6-A106-C5C3D5DFB78D}.Release|Any CPU.ActiveCfg = Release|Any CPU
		{965B5A97-C35D-48C6-A106-C5C3D5DFB78D}.Release|Any CPU.Build.0 = Release|Any CPU
		{C95A4DBD-727C-4247-B36E-D5B7553D8869}.Debug|Any CPU.ActiveCfg = Debug|Any CPU
		{C95A4DBD-727C-4247-B36E-D5B7553D8869}.Debug|Any CPU.Build.0 = Debug|Any CPU
		{C95A4DBD-727C-4247-B36E-D5B7553D8869}.Release|Any CPU.ActiveCfg = Release|Any CPU
		{C95A4DBD-727C-4247-B36E-D5B7553D8869}.Release|Any CPU.Build.0 = Release|Any CPU
	EndGlobalSection
EndGlobal
